
Microsoft Visual Studio Solution File, Format Version 12.00
# Visual Studio Version 16
VisualStudioVersion = 16.0.31702.278
MinimumVisualStudioVersion = 10.0.40219.1
Project("{FAE04EC0-301F-11D3-BF4B-00C04F79EFBC}") = "thietkeemailpass", "thietkeemailpass\thietkeemailpass.csproj", "{BBA432AA-AB57-4391-B734-A2BBA222FEA3}"
EndProject
Global
	GlobalSection(SolutionConfigurationPlatforms) = preSolution
		Debug|Any CPU = Debug|Any CPU
		Release|Any CPU = Release|Any CPU
	EndGlobalSection
	GlobalSection(ProjectConfigurationPlatforms) = postSolution
		{BBA432AA-AB57-4391-B734-A2BBA222FEA3}.Debug|Any CPU.ActiveCfg = Debug|Any CPU
		{BBA432AA-AB57-4391-B734-A2BBA222FEA3}.Debug|Any CPU.Build.0 = Debug|Any CPU
		{BBA432AA-AB57-4391-B734-A2BBA222FEA3}.Release|Any CPU.ActiveCfg = Release|Any CPU
		{BBA432AA-AB57-4391-B734-A2BBA222FEA3}.Release|Any CPU.Build.0 = Release|Any CPU
	EndGlobalSection
	GlobalSection(SolutionProperties) = preSolution
		HideSolutionNode = FALSE
	EndGlobalSection
	GlobalSection(ExtensibilityGlobals) = postSolution
		SolutionGuid = {368FC5F6-109D-437A-8A35-F7031DAA451D}
	EndGlobalSection
EndGlobal
